
Microsoft Visual Studio Solution File, Format Version 12.00
# Visual Studio Version 17
VisualStudioVersion = 17.11.35431.28
MinimumVisualStudioVersion = 10.0.40219.1
Project("{FAE04EC0-301F-11D3-BF4B-00C04F79EFBC}") = "CMPG223-Project1", "CMPG223-Project1\CMPG223-Project1.csproj", "{DC72CF81-A454-4B25-8ACE-475A7D65283C}"
EndProject
Global
	GlobalSection(SolutionConfigurationPlatforms) = preSolution
		Debug|Any CPU = Debug|Any CPU
		Release|Any CPU = Release|Any CPU
	EndGlobalSection
	GlobalSection(ProjectConfigurationPlatforms) = postSolution
		{DC72CF81-A454-4B25-8ACE-475A7D65283C}.Debug|Any CPU.ActiveCfg = Debug|Any CPU
		{DC72CF81-A454-4B25-8ACE-475A7D65283C}.Debug|Any CPU.Build.0 = Debug|Any CPU
		{DC72CF81-A454-4B25-8ACE-475A7D65283C}.Release|Any CPU.ActiveCfg = Release|Any CPU
		{DC72CF81-A454-4B25-8ACE-475A7D65283C}.Release|Any CPU.Build.0 = Release|Any CPU
	EndGlobalSection
	GlobalSection(SolutionProperties) = preSolution
		HideSolutionNode = FALSE
	EndGlobalSection
	GlobalSection(ExtensibilityGlobals) = postSolution
		SolutionGuid = {3628384C-B59E-4813-BAFE-919EC2E6AB80}
	EndGlobalSection
EndGlobal
